dependencies:
- name: apm-mysql
  repository: http://192.168.1.244:22317/
  version: 0.1.0
- name: apm-zhice-api-java
  repository: http://192.168.1.244:22317/
  version: 0.1.0
- name: apm-zhice-api-nodejs
  repository: http://192.168.1.244:22317/
  version: 0.1.0
digest: sha256:f430d20a73c3ed48cace26c0354d8f087351219f7223de2b0d68c7ac21fea489
generated: "2020-03-10T14:23:09.307322+08:00"
