dependencies:
- name: apm-elasticsearch
  repository: http://192.168.1.244:22317/
  version: 0.1.0
- name: apm-mysql
  repository: http://192.168.1.244:22317/
  version: 0.1.0
- name: apm-mysql
  repository: http://192.168.1.244:22317/
  version: 0.1.0
- name: apm-neo4j
  repository: http://192.168.1.244:22317/
  version: 0.1.0
- name: apm-redis
  repository: http://192.168.1.244:22317/
  version: 0.1.0
- name: apm-logstash
  repository: http://192.168.1.244:22317/
  version: 0.1.0
digest: sha256:97c908bc60aa8323765f870b75936c548b5a587d0f03b059b0dd744cc0ee8557
generated: "2020-03-04T19:33:34.189134+08:00"
