dependencies:
- name: apm-elasticsearch
  repository: http://192.168.1.244:22317/
  version: 0.1.0
- name: apm-mysql
  repository: http://192.168.1.244:22317/
  version: 0.1.0
- name: apm-neo4j
  repository: http://192.168.1.244:22317/
  version: 0.1.0
- name: apm-redis
  repository: http://192.168.1.244:22317/
  version: 0.1.0
- name: apm-logstash
  repository: http://192.168.1.244:22317/
  version: 0.1.0
- name: apm-unoconv
  repository: http://192.168.1.244:22317/
  version: 0.1.0
digest: sha256:0d79dbd3648382dd5b8ac07660ee9d2e00e0fc5f4b7f5981792f2f135ee0d8b5
generated: "2020-03-04T20:59:17.166399+08:00"
